
Microsoft Visual Studio Solution File, Format Version 12.00
# Visual Studio Version 17
VisualStudioVersion = 17.10.35004.147
MinimumVisualStudioVersion = 10.0.40219.1
Project("{9A19103F-16F7-4668-BE54-9A1E7A4F7556}") = "Emiac", "Emiac\Emiac.csproj", "{F5D3788E-BFD8-48C8-A37A-4A3DF79D2539}"
EndProject
Project("{FAE04EC0-301F-11D3-BF4B-00C04F79EFBC}") = "WpfApp1", "WpfApp1\WpfApp1.csproj", "{CFB36B45-D19D-42AB-9457-20F98A62C2DF}"
EndProject
Global
	GlobalSection(SolutionConfigurationPlatforms) = preSolution
		Debug|Any CPU = Debug|Any CPU
		Release|Any CPU = Release|Any CPU
	EndGlobalSection
	GlobalSection(ProjectConfigurationPlatforms) = postSolution
		{F5D3788E-BFD8-48C8-A37A-4A3DF79D2539}.Debug|Any CPU.ActiveCfg = Debug|Any CPU
		{F5D3788E-BFD8-48C8-A37A-4A3DF79D2539}.Debug|Any CPU.Build.0 = Debug|Any CPU
		{F5D3788E-BFD8-48C8-A37A-4A3DF79D2539}.Release|Any CPU.ActiveCfg = Release|Any CPU
		{F5D3788E-BFD8-48C8-A37A-4A3DF79D2539}.Release|Any CPU.Build.0 = Release|Any CPU
		{CFB36B45-D19D-42AB-9457-20F98A62C2DF}.Debug|Any CPU.ActiveCfg = Debug|Any CPU
		{CFB36B45-D19D-42AB-9457-20F98A62C2DF}.Debug|Any CPU.Build.0 = Debug|Any CPU
		{CFB36B45-D19D-42AB-9457-20F98A62C2DF}.Release|Any CPU.ActiveCfg = Release|Any CPU
		{CFB36B45-D19D-42AB-9457-20F98A62C2DF}.Release|Any CPU.Build.0 = Release|Any CPU
	EndGlobalSection
	GlobalSection(SolutionProperties) = preSolution
		HideSolutionNode = FALSE
	EndGlobalSection
	GlobalSection(ExtensibilityGlobals) = postSolution
		SolutionGuid = {88CA95DA-3B25-4FB6-B536-105605A9564B}
	EndGlobalSection
EndGlobal
